<Solution>
  <Configurations>
    <Platform Name="x64" />
    <Platform Name="x86" />
  </Configurations>
  <Project Path="01sumMatrixColumns/01sumMatrixColumns.vcxproj" />
  <Project Path="02primaryDiagonal/02primaryDiagonal.vcxproj" />
  <Project Path="03symbolInMatrix/03symbolInMatrix.vcxproj" />
  <Project Path="04diagonalDifference/04diagonalDifference.vcxproj" />
</Solution>
